// !$*UTF8*$!
{
	archiveVersion = 1;
	classes = {
	};
	objectVersion = 46;
	objects = {

/* Begin PBXBuildFile section */
		0B4ED0FC1E5091C7003E7F85 /* main.cpp in Sources */ = {isa = PBXBuildFile; fileRef = 0B4ED0FB1E5091C7003E7F85 /* main.cpp */; };
/* End PBXBuildFile section */

/* Begin PBXCopyFilesBuildPhase section */
		0B4ED0F61E5091C6003E7F85 /* CopyFiles */ = {
			isa = PBXCopyFilesBuildPhase;
			buildActionMask = 2147483647;
			dstPath = /usr/share/man/man1/;
			dstSubfolderSpec = 0;
			files = (
			);
			runOnlyForDeploymentPostprocessing = 1;
		};
/* End PBXCopyFilesBuildPhase section */

/* Begin PBXFileReference section */
		0B4ED0F81E5091C7003E7F85 /* Casino_Pro_Ravager */ = {isa = PBXFileReference; explicitFileType = "compiled.mach-o.executable"; includeInIndex = 0; path = Casino_Pro_Ravager; sourceTree = BUILT_PRODUCTS_DIR; };
		0B4ED0FB1E5091C7003E7F85 /* main.cpp */ = {isa = PBXFileReference; lastKnownFileType = sourcecode.cpp.cpp; path = main.cpp; sourceTree = "<group>"; };
		0B4ED1021E509272003E7F85 /* game_model.h */ = {isa = PBXFileReference; lastKnownFileType = sourcecode.c.h; path = game_model.h; sourceTree = "<group>"; };
/* End PBXFileReference section */

/* Begin PBXFrameworksBuildPhase section */
		0B4ED0F51E5091C6003E7F85 /* Frameworks */ = {
			isa = PBXFrameworksBuildPhase;
			buildActionMask = 2147483647;
			files = (
			);
			runOnlyForDeploymentPostprocessing = 0;
		};
/* End PBXFrameworksBuildPhase section */

/* Begin PBXGroup section */
		0B4ED0EF1E5091C6003E7F85 = {
			isa = PBXGroup;
			children = (
				0B4ED0FA1E5091C7003E7F85 /* Casino_Pro_Ravager */,
				0B4ED0F91E5091C7003E7F85 /* Products */,
			);
			sourceTree = "<group>";
		};
		0B4ED0F91E5091C7003E7F85 /* Products */ = {
			isa = PBXGroup;
			children = (
				0B4ED0F81E5091C7003E7F85 /* Casino_Pro_Ravager */,
			);
			name = Products;
			sourceTree = "<group>";
		};
		0B4ED0FA1E5091C7003E7F85 /* Casino_Pro_Ravager */ = {
			isa = PBXGroup;
			children = (
				0B4ED0FB1E5091C7003E7F85 /* main.cpp */,
				0B4ED1021E509272003E7F85 /* game_model.h */,
			);
			path = Casino_Pro_Ravager;
			sourceTree = "<group>";
		};
/* End PBXGroup section */

/* Begin PBXNativeTarget section */
		0B4ED0F71E5091C6003E7F85 /* Casino_Pro_Ravager */ = {
			isa = PBXNativeTarget;
			buildConfigurationList = 0B4ED0FF1E5091C7003E7F85 /* Build configuration list for PBXNativeTarget "Casino_Pro_Ravager" */;
			buildPhases = (
				0B4ED0F41E5091C6003E7F85 /* Sources */,
				0B4ED0F51E5091C6003E7F85 /* Frameworks */,
				0B4ED0F61E5091C6003E7F85 /* CopyFiles */,
			);
			buildRules = (
			);
			dependencies = (
			);
			name = Casino_Pro_Ravager;
			productName = Casino_Pro_Ravager;
			productReference = 0B4ED0F81E5091C7003E7F85 /* Casino_Pro_Ravager */;
			productType = "com.apple.product-type.tool";
		};
/* End PBXNativeTarget section */

/* Begin PBXProject section */
		0B4ED0F01E5091C6003E7F85 /* Project object */ = {
			isa = PBXProject;
			attributes = {
				LastUpgradeCheck = 0820;
				ORGANIZATIONNAME = AV_Tests;
				TargetAttributes = {
					0B4ED0F71E5091C6003E7F85 = {
						CreatedOnToolsVersion = 8.2.1;
						ProvisioningStyle = Automatic;
					};
				};
			};
			buildConfigurationList = 0B4ED0F31E5091C6003E7F85 /* Build configuration list for PBXProject "Casino_Pro_Ravager" */;
			compatibilityVersion = "Xcode 3.2";
			developmentRegion = English;
			hasScannedForEncodings = 0;
			knownRegions = (
				en,
			);
			mainGroup = 0B4ED0EF1E5091C6003E7F85;
			productRefGroup = 0B4ED0F91E5091C7003E7F85 /* Products */;
			projectDirPath = "";
			projectRoot = "";
			targets = (
				0B4ED0F71E5091C6003E7F85 /* Casino_Pro_Ravager */,
			);
		};
/* End PBXProject section */

/* Begin PBXSourcesBuildPhase section */
		0B4ED0F41E5091C6003E7F85 /* Sources */ = {
			isa = PBXSourcesBuildPhase;
			buildActionMask = 2147483647;
			files = (
				0B4ED0FC1E5091C7003E7F85 /* main.cpp in Sources */,
			);
			runOnlyForDeploymentPostprocessing = 0;
		};
/* End PBXSourcesBuildPhase section */

/* Begin XCBuildConfiguration section */
		0B4ED0FD1E5091C7003E7F85 /* Debug */ = {
			isa = XCBuildConfiguration;
			buildSettings = {
				ALWAYS_SEARCH_USER_PATHS = NO;
				CLANG_ANALYZER_NONNULL = YES;
				CLANG_CXX_LANGUAGE_STANDARD = "gnu++0x";
				CLANG_CXX_LIBRARY = "libc++";
				CLANG_ENABLE_MODULES = YES;
				CLANG_ENABLE_OBJC_ARC = YES;
				CLANG_WARN_BOOL_CONVERSION = YES;
				CLANG_WARN_CONSTANT_CONVERSION = YES;
				CLANG_WARN_DIRECT_OBJC_ISA_USAGE = YES_ERROR;
				CLANG_WARN_DOCUMENTATION_COMMENTS = YES;
				CLANG_WARN_EMPTY_BODY = YES;
				CLANG_WARN_ENUM_CONVERSION = YES;
				CLANG_WARN_INFINITE_RECURSION = YES;
				CLANG_WARN_INT_CONVERSION = YES;
				CLANG_WARN_OBJC_ROOT_CLASS = YES_ERROR;
				CLANG_WARN_SUSPICIOUS_MOVE = YES;
				CLANG_WARN_UNREACHABLE_CODE = YES;
				CLANG_WARN__DUPLICATE_METHOD_MATCH = YES;
				CODE_SIGN_IDENTITY = "-";
				COPY_PHASE_STRIP = NO;
				DEBUG_INFORMATION_FORMAT = dwarf;
				ENABLE_STRICT_OBJC_MSGSEND = YES;
				ENABLE_TESTABILITY = YES;
				GCC_C_LANGUAGE_STANDARD = gnu99;
				GCC_DYNAMIC_NO_PIC = NO;
				GCC_NO_COMMON_BLOCKS = YES;
				GCC_OPTIMIZATION_LEVEL = 0;
				GCC_PREPROCESSOR_DEFINITIONS = (
					"DEBUG=1",
					"$(inherited)",
				);
				GCC_WARN_64_TO_32_BIT_CONVERSION = YES;
				GCC_WARN_ABOUT_RETURN_TYPE = YES_ERROR;
				GCC_WARN_UNDECLARED_SELECTOR = YES;
				GCC_WARN_UNINITIALIZED_AUTOS = YES_AGGRESSIVE;
				GCC_WARN_UNUSED_FUNCTION = YES;
				GCC_WARN_UNUSED_VARIABLE = YES;
				MACOSX_DEPLOYMENT_TARGET = 10.12;
				MTL_ENABLE_DEBUG_INFO = YES;
				ONLY_ACTIVE_ARCH = YES;
				SDKROOT = macosx;
			};
			name = Debug;
		};
		0B4ED0FE1E5091C7003E7F85 /* Release */ = {
			isa = XCBuildConfiguration;
			buildSettings = {
				ALWAYS_SEARCH_USER_PATHS = NO;
				CLANG_ANALYZER_NONNULL = YES;
				CLANG_CXX_LANGUAGE_STANDARD = "gnu++0x";
				CLANG_CXX_LIBRARY = "libc++";
				CLANG_ENABLE_MODULES = YES;
				CLANG_ENABLE_OBJC_ARC = YES;
				CLANG_WARN_BOOL_CONVERSION = YES;
				CLANG_WARN_CONSTANT_CONVERSION = YES;
				CLANG_WARN_DIRECT_OBJC_ISA_USAGE = YES_ERROR;
				CLANG_WARN_DOCUMENTATION_COMMENTS = YES;
				CLANG_WARN_EMPTY_BODY = YES;
				CLANG_WARN_ENUM_CONVERSION = YES;
				CLANG_WARN_INFINITE_RECURSION = YES;
				CLANG_WARN_INT_CONVERSION = YES;
				CLANG_WARN_OBJC_ROOT_CLASS = YES_ERROR;
				CLANG_WARN_SUSPICIOUS_MOVE = YES;
				CLANG_WARN_UNREACHABLE_CODE = YES;
				CLANG_WARN__DUPLICATE_METHOD_MATCH = YES;
				CODE_SIGN_IDENTITY = "-";
				COPY_PHASE_STRIP = NO;
				DEBUG_INFORMATION_FORMAT = "dwarf-with-dsym";
				ENABLE_NS_ASSERTIONS = NO;
				ENABLE_STRICT_OBJC_MSGSEND = YES;
				GCC_C_LANGUAGE_STANDARD = gnu99;
				GCC_NO_COMMON_BLOCKS = YES;
				GCC_WARN_64_TO_32_BIT_CONVERSION = YES;
				GCC_WARN_ABOUT_RETURN_TYPE = YES_ERROR;
				GCC_WARN_UNDECLARED_SELECTOR = YES;
				GCC_WARN_UNINITIALIZED_AUTOS = YES_AGGRESSIVE;
				GCC_WARN_UNUSED_FUNCTION = YES;
				GCC_WARN_UNUSED_VARIABLE = YES;
				MACOSX_DEPLOYMENT_TARGET = 10.12;
				MTL_ENABLE_DEBUG_INFO = NO;
				SDKROOT = macosx;
			};
			name = Release;
		};
		0B4ED1001E5091C7003E7F85 /* Debug */ = {
			isa = XCBuildConfiguration;
			buildSettings = {
				PRODUCT_NAME = "$(TARGET_NAME)";
			};
			name = Debug;
		};
		0B4ED1011E5091C7003E7F85 /* Release */ = {
			isa = XCBuildConfiguration;
			buildSettings = {
				PRODUCT_NAME = "$(TARGET_NAME)";
			};
			name = Release;
		};
/* End XCBuildConfiguration section */

/* Begin XCConfigurationList section */
		0B4ED0F31E5091C6003E7F85 /* Build configuration list for PBXProject "Casino_Pro_Ravager" */ = {
			isa = XCConfigurationList;
			buildConfigurations = (
				0B4ED0FD1E5091C7003E7F85 /* Debug */,
				0B4ED0FE1E5091C7003E7F85 /* Release */,
			);
			defaultConfigurationIsVisible = 0;
			defaultConfigurationName = Release;
		};
		0B4ED0FF1E5091C7003E7F85 /* Build configuration list for PBXNativeTarget "Casino_Pro_Ravager" */ = {
			isa = XCConfigurationList;
			buildConfigurations = (
				0B4ED1001E5091C7003E7F85 /* Debug */,
				0B4ED1011E5091C7003E7F85 /* Release */,
			);
			defaultConfigurationIsVisible = 0;
		};
/* End XCConfigurationList section */
	};
	rootObject = 0B4ED0F01E5091C6003E7F85 /* Project object */;
}
